
Microsoft Visual Studio Solution File, Format Version 12.00
# Visual Studio Version 17
VisualStudioVersion = 17.4.33205.214
MinimumVisualStudioVersion = 10.0.40219.1
Project("{FAE04EC0-301F-11D3-BF4B-00C04F79EFBC}") = "MinimalApi.JwtAuth", "MinimalApi.JwtAuth.csproj", "{EDA3D97D-F105-4C73-889B-3AB7B2D0106F}"
EndProject
Global
	GlobalSection(SolutionConfigurationPlatforms) = preSolution
		Debug|Any CPU = Debug|Any CPU
		Release|Any CPU = Release|Any CPU
	EndGlobalSection
	GlobalSection(ProjectConfigurationPlatforms) = postSolution
		{EDA3D97D-F105-4C73-889B-3AB7B2D0106F}.Debug|Any CPU.ActiveCfg = Debug|Any CPU
		{EDA3D97D-F105-4C73-889B-3AB7B2D0106F}.Debug|Any CPU.Build.0 = Debug|Any CPU
		{EDA3D97D-F105-4C73-889B-3AB7B2D0106F}.Release|Any CPU.ActiveCfg = Release|Any CPU
		{EDA3D97D-F105-4C73-889B-3AB7B2D0106F}.Release|Any CPU.Build.0 = Release|Any CPU
	EndGlobalSection
	GlobalSection(SolutionProperties) = preSolution
		HideSolutionNode = FALSE
	EndGlobalSection
	GlobalSection(ExtensibilityGlobals) = postSolution
		SolutionGuid = {9F4BF2B6-3449-47A4-ABC7-B82548ADECF9}
	EndGlobalSection
EndGlobal
